
Microsoft Visual Studio Solution File, Format Version 12.00
# Visual Studio 15
VisualStudioVersion = 15.0.27703.2018
MinimumVisualStudioVersion = 10.0.40219.1
Project("{FAE04EC0-301F-11D3-BF4B-00C04F79EFBC}") = "Escc.ActiveDirectory", "Escc.ActiveDirectory\Escc.ActiveDirectory.csproj", "{5F1BBB42-C1C6-4110-A3E4-720420A3C27D}"
EndProject
Project("{2150E333-8FDC-42A3-9474-1A3956D46DE8}") = "Solution Items", "Solution Items", "{E8DEBF3C-FC5B-4DDA-AB7C-AA4CA26AB2BD}"
	ProjectSection(SolutionItems) = preProject
		.gitignore = .gitignore
		LICENSE.md = LICENSE.md
		README.md = README.md
	EndProjectSection
EndProject
Project("{FAE04EC0-301F-11D3-BF4B-00C04F79EFBC}") = "Escc.ActiveDirectory.Tests", "Escc.ActiveDirectory.Tests\Escc.ActiveDirectory.Tests.csproj", "{7029B35A-AF1C-4991-950F-D648C5791F61}"
EndProject
Global
	GlobalSection(SolutionConfigurationPlatforms) = preSolution
		Debug|Any CPU = Debug|Any CPU
		Release|Any CPU = Release|Any CPU
	EndGlobalSection
	GlobalSection(ProjectConfigurationPlatforms) = postSolution
		{5F1BBB42-C1C6-4110-A3E4-720420A3C27D}.Debug|Any CPU.ActiveCfg = Debug|Any CPU
		{5F1BBB42-C1C6-4110-A3E4-720420A3C27D}.Debug|Any CPU.Build.0 = Debug|Any CPU
		{5F1BBB42-C1C6-4110-A3E4-720420A3C27D}.Release|Any CPU.ActiveCfg = Release|Any CPU
		{5F1BBB42-C1C6-4110-A3E4-720420A3C27D}.Release|Any CPU.Build.0 = Release|Any CPU
		{7029B35A-AF1C-4991-950F-D648C5791F61}.Debug|Any CPU.ActiveCfg = Debug|Any CPU
		{7029B35A-AF1C-4991-950F-D648C5791F61}.Debug|Any CPU.Build.0 = Debug|Any CPU
		{7029B35A-AF1C-4991-950F-D648C5791F61}.Release|Any CPU.ActiveCfg = Release|Any CPU
		{7029B35A-AF1C-4991-950F-D648C5791F61}.Release|Any CPU.Build.0 = Release|Any CPU
	EndGlobalSection
	GlobalSection(SolutionProperties) = preSolution
		HideSolutionNode = FALSE
	EndGlobalSection
	GlobalSection(ExtensibilityGlobals) = postSolution
		SolutionGuid = {0AF20CDD-C0CE-4DC8-9F44-E3AC30D23D5C}
	EndGlobalSection
EndGlobal
